// !$*UTF8*$!
{
	archiveVersion = 1;
	classes = {
	};
	objectVersion = 50;
	objects = {

/* Begin PBXBuildFile section */
		AD4985A92466E7BD00FFF75F /* AppDelegate.swift in Sources */ = {isa = PBXBuildFile; fileRef = AD4985A82466E7BD00FFF75F /* AppDelegate.swift */; };
		AD4985AB2466E7BD00FFF75F /* SceneDelegate.swift in Sources */ = {isa = PBXBuildFile; fileRef = AD4985AA2466E7BD00FFF75F /* SceneDelegate.swift */; };
		AD4985AD2466E7BD00FFF75F /* ViewController.swift in Sources */ = {isa = PBXBuildFile; fileRef = AD4985AC2466E7BD00FFF75F /* ViewController.swift */; };
		AD4985B02466E7BD00FFF75F /* Main.storyboard in Resources */ = {isa = PBXBuildFile; fileRef = AD4985AE2466E7BD00FFF75F /* Main.storyboard */; };
		AD4985B22466E7C000FFF75F /* Assets.xcassets in Resources */ = {isa = PBXBuildFile; fileRef = AD4985B12466E7C000FFF75F /* Assets.xcassets */; };
		AD4985B52466E7C000FFF75F /* LaunchScreen.storyboard in Resources */ = {isa = PBXBuildFile; fileRef = AD4985B32466E7C000FFF75F /* LaunchScreen.storyboard */; };
/* End PBXBuildFile section */

/* Begin PBXFileReference section */
		AD4985A52466E7BD00FFF75F /* SampleCoordinator.app */ = {isa = PBXFileReference; explicitFileType = wrapper.application; includeInIndex = 0; path = SampleCoordinator.app; sourceTree = BUILT_PRODUCTS_DIR; };
		AD4985A82466E7BD00FFF75F /* AppDelegate.swift */ = {isa = PBXFileReference; lastKnownFileType = sourcecode.swift; path = AppDelegate.swift; sourceTree = "<group>"; };
		AD4985AA2466E7BD00FFF75F /* SceneDelegate.swift */ = {isa = PBXFileReference; lastKnownFileType = sourcecode.swift; path = SceneDelegate.swift; sourceTree = "<group>"; };
		AD4985AC2466E7BD00FFF75F /* ViewController.swift */ = {isa = PBXFileReference; lastKnownFileType = sourcecode.swift; path = ViewController.swift; sourceTree = "<group>"; };
		AD4985AF2466E7BD00FFF75F /* Base */ = {isa = PBXFileReference; lastKnownFileType = file.storyboard; name = Base; path = Base.lproj/Main.storyboard; sourceTree = "<group>"; };
		AD4985B12466E7C000FFF75F /* Assets.xcassets */ = {isa = PBXFileReference; lastKnownFileType = folder.assetcatalog; path = Assets.xcassets; sourceTree = "<group>"; };
		AD4985B42466E7C000FFF75F /* Base */ = {isa = PBXFileReference; lastKnownFileType = file.storyboard; name = Base; path = Base.lproj/LaunchScreen.storyboard; sourceTree = "<group>"; };
		AD4985B62466E7C000FFF75F /* Info.plist */ = {isa = PBXFileReference; lastKnownFileType = text.plist.xml; path = Info.plist; sourceTree = "<group>"; };
/* End PBXFileReference section */

/* Begin PBXFrameworksBuildPhase section */
		AD4985A22466E7BD00FFF75F /* Frameworks */ = {
			isa = PBXFrameworksBuildPhase;
			buildActionMask = 2147483647;
			files = (
			);
			runOnlyForDeploymentPostprocessing = 0;
		};
/* End PBXFrameworksBuildPhase section */

/* Begin PBXGroup section */
		AD49859C2466E7BD00FFF75F = {
			isa = PBXGroup;
			children = (
				AD4985A72466E7BD00FFF75F /* SampleCoordinator */,
				AD4985A62466E7BD00FFF75F /* Products */,
			);
			sourceTree = "<group>";
		};
		AD4985A62466E7BD00FFF75F /* Products */ = {
			isa = PBXGroup;
			children = (
				AD4985A52466E7BD00FFF75F /* SampleCoordinator.app */,
			);
			name = Products;
			sourceTree = "<group>";
		};
		AD4985A72466E7BD00FFF75F /* SampleCoordinator */ = {
			isa = PBXGroup;
			children = (
				AD4985A82466E7BD00FFF75F /* AppDelegate.swift */,
				AD4985AA2466E7BD00FFF75F /* SceneDelegate.swift */,
				AD4985AC2466E7BD00FFF75F /* ViewController.swift */,
				AD4985AE2466E7BD00FFF75F /* Main.storyboard */,
				AD4985B12466E7C000FFF75F /* Assets.xcassets */,
				AD4985B32466E7C000FFF75F /* LaunchScreen.storyboard */,
				AD4985B62466E7C000FFF75F /* Info.plist */,
			);
			path = SampleCoordinator;
			sourceTree = "<group>";
		};
/* End PBXGroup section */

/* Begin PBXNativeTarget section */
		AD4985A42466E7BD00FFF75F /* SampleCoordinator */ = {
			isa = PBXNativeTarget;
			buildConfigurationList = AD4985B92466E7C000FFF75F /* Build configuration list for PBXNativeTarget "SampleCoordinator" */;
			buildPhases = (
				AD4985A12466E7BD00FFF75F /* Sources */,
				AD4985A22466E7BD00FFF75F /* Frameworks */,
				AD4985A32466E7BD00FFF75F /* Resources */,
			);
			buildRules = (
			);
			dependencies = (
			);
			name = SampleCoordinator;
			productName = SampleCoordinator;
			productReference = AD4985A52466E7BD00FFF75F /* SampleCoordinator.app */;
			productType = "com.apple.product-type.application";
		};
/* End PBXNativeTarget section */

/* Begin PBXProject section */
		AD49859D2466E7BD00FFF75F /* Project object */ = {
			isa = PBXProject;
			attributes = {
				LastSwiftUpdateCheck = 1140;
				LastUpgradeCheck = 1140;
				ORGANIZATIONNAME = "Zonily Jame Pesquera";
				TargetAttributes = {
					AD4985A42466E7BD00FFF75F = {
						CreatedOnToolsVersion = 11.4.1;
					};
				};
			};
			buildConfigurationList = AD4985A02466E7BD00FFF75F /* Build configuration list for PBXProject "SampleCoordinator" */;
			compatibilityVersion = "Xcode 9.3";
			developmentRegion = en;
			hasScannedForEncodings = 0;
			knownRegions = (
				en,
				Base,
			);
			mainGroup = AD49859C2466E7BD00FFF75F;
			productRefGroup = AD4985A62466E7BD00FFF75F /* Products */;
			projectDirPath = "";
			projectRoot = "";
			targets = (
				AD4985A42466E7BD00FFF75F /* SampleCoordinator */,
			);
		};
/* End PBXProject section */

/* Begin PBXResourcesBuildPhase section */
		AD4985A32466E7BD00FFF75F /* Resources */ = {
			isa = PBXResourcesBuildPhase;
			buildActionMask = 2147483647;
			files = (
				AD4985B52466E7C000FFF75F /* LaunchScreen.storyboard in Resources */,
				AD4985B22466E7C000FFF75F /* Assets.xcassets in Resources */,
				AD4985B02466E7BD00FFF75F /* Main.storyboard in Resources */,
			);
			runOnlyForDeploymentPostprocessing = 0;
		};
/* End PBXResourcesBuildPhase section */

/* Begin PBXSourcesBuildPhase section */
		AD4985A12466E7BD00FFF75F /* Sources */ = {
			isa = PBXSourcesBuildPhase;
			buildActionMask = 2147483647;
			files = (
				AD4985AD2466E7BD00FFF75F /* ViewController.swift in Sources */,
				AD4985A92466E7BD00FFF75F /* AppDelegate.swift in Sources */,
				AD4985AB2466E7BD00FFF75F /* SceneDelegate.swift in Sources */,
			);
			runOnlyForDeploymentPostprocessing = 0;
		};
/* End PBXSourcesBuildPhase section */

/* Begin PBXVariantGroup section */
		AD4985AE2466E7BD00FFF75F /* Main.storyboard */ = {
			isa = PBXVariantGroup;
			children = (
				AD4985AF2466E7BD00FFF75F /* Base */,
			);
			name = Main.storyboard;
			sourceTree = "<group>";
		};
		AD4985B32466E7C000FFF75F /* LaunchScreen.storyboard */ = {
			isa = PBXVariantGroup;
			children = (
				AD4985B42466E7C000FFF75F /* Base */,
			);
			name = LaunchScreen.storyboard;
			sourceTree = "<group>";
		};
/* End PBXVariantGroup section */

/* Begin XCBuildConfiguration section */
		AD4985B72466E7C000FFF75F /* Debug */ = {
			isa = XCBuildConfiguration;
			buildSettings = {
				ALWAYS_SEARCH_USER_PATHS = NO;
				CLANG_ANALYZER_NONNULL = YES;
				CLANG_ANALYZER_NUMBER_OBJECT_CONVERSION = YES_AGGRESSIVE;
				CLANG_CXX_LANGUAGE_STANDARD = "gnu++14";
				CLANG_CXX_LIBRARY = "libc++";
				CLANG_ENABLE_MODULES = YES;
				CLANG_ENABLE_OBJC_ARC = YES;
				CLANG_ENABLE_OBJC_WEAK = YES;
				CLANG_WARN_BLOCK_CAPTURE_AUTORELEASING = YES;
				CLANG_WARN_BOOL_CONVERSION = YES;
				CLANG_WARN_COMMA = YES;
				CLANG_WARN_CONSTANT_CONVERSION = YES;
				CLANG_WARN_DEPRECATED_OBJC_IMPLEMENTATIONS = YES;
				CLANG_WARN_DIRECT_OBJC_ISA_USAGE = YES_ERROR;
				CLANG_WARN_DOCUMENTATION_COMMENTS = YES;
				CLANG_WARN_EMPTY_BODY = YES;
				CLANG_WARN_ENUM_CONVERSION = YES;
				CLANG_WARN_INFINITE_RECURSION = YES;
				CLANG_WARN_INT_CONVERSION = YES;
				CLANG_WARN_NON_LITERAL_NULL_CONVERSION = YES;
				CLANG_WARN_OBJC_IMPLICIT_RETAIN_SELF = YES;
				CLANG_WARN_OBJC_LITERAL_CONVERSION = YES;
				CLANG_WARN_OBJC_ROOT_CLASS = YES_ERROR;
				CLANG_WARN_RANGE_LOOP_ANALYSIS = YES;
				CLANG_WARN_STRICT_PROTOTYPES = YES;
				CLANG_WARN_SUSPICIOUS_MOVE = YES;
				CLANG_WARN_UNGUARDED_AVAILABILITY = YES_AGGRESSIVE;
				CLANG_WARN_UNREACHABLE_CODE = YES;
				CLANG_WARN__DUPLICATE_METHOD_MATCH = YES;
				COPY_PHASE_STRIP = NO;
				DEBUG_INFORMATION_FORMAT = dwarf;
				ENABLE_STRICT_OBJC_MSGSEND = YES;
				ENABLE_TESTABILITY = YES;
				GCC_C_LANGUAGE_STANDARD = gnu11;
				GCC_DYNAMIC_NO_PIC = NO;
				GCC_NO_COMMON_BLOCKS = YES;
				GCC_OPTIMIZATION_LEVEL = 0;
				GCC_PREPROCESSOR_DEFINITIONS = (
					"DEBUG=1",
					"$(inherited)",
				);
				GCC_WARN_64_TO_32_BIT_CONVERSION = YES;
				GCC_WARN_ABOUT_RETURN_TYPE = YES_ERROR;
				GCC_WARN_UNDECLARED_SELECTOR = YES;
				GCC_WARN_UNINITIALIZED_AUTOS = YES_AGGRESSIVE;
				GCC_WARN_UNUSED_FUNCTION = YES;
				GCC_WARN_UNUSED_VARIABLE = YES;
				IPHONEOS_DEPLOYMENT_TARGET = 13.4;
				MTL_ENABLE_DEBUG_INFO = INCLUDE_SOURCE;
				MTL_FAST_MATH = YES;
				ONLY_ACTIVE_ARCH = YES;
				SDKROOT = iphoneos;
				SWIFT_ACTIVE_COMPILATION_CONDITIONS = DEBUG;
				SWIFT_OPTIMIZATION_LEVEL = "-Onone";
			};
			name = Debug;
		};
		AD4985B82466E7C000FFF75F /* Release */ = {
			isa = XCBuildConfiguration;
			buildSettings = {
				ALWAYS_SEARCH_USER_PATHS = NO;
				CLANG_ANALYZER_NONNULL = YES;
				CLANG_ANALYZER_NUMBER_OBJECT_CONVERSION = YES_AGGRESSIVE;
				CLANG_CXX_LANGUAGE_STANDARD = "gnu++14";
				CLANG_CXX_LIBRARY = "libc++";
				CLANG_ENABLE_MODULES = YES;
				CLANG_ENABLE_OBJC_ARC = YES;
				CLANG_ENABLE_OBJC_WEAK = YES;
				CLANG_WARN_BLOCK_CAPTURE_AUTORELEASING = YES;
				CLANG_WARN_BOOL_CONVERSION = YES;
				CLANG_WARN_COMMA = YES;
				CLANG_WARN_CONSTANT_CONVERSION = YES;
				CLANG_WARN_DEPRECATED_OBJC_IMPLEMENTATIONS = YES;
				CLANG_WARN_DIRECT_OBJC_ISA_USAGE = YES_ERROR;
				CLANG_WARN_DOCUMENTATION_COMMENTS = YES;
				CLANG_WARN_EMPTY_BODY = YES;
				CLANG_WARN_ENUM_CONVERSION = YES;
				CLANG_WARN_INFINITE_RECURSION = YES;
				CLANG_WARN_INT_CONVERSION = YES;
				CLANG_WARN_NON_LITERAL_NULL_CONVERSION = YES;
				CLANG_WARN_OBJC_IMPLICIT_RETAIN_SELF = YES;
				CLANG_WARN_OBJC_LITERAL_CONVERSION = YES;
				CLANG_WARN_OBJC_ROOT_CLASS = YES_ERROR;
				CLANG_WARN_RANGE_LOOP_ANALYSIS = YES;
				CLANG_WARN_STRICT_PROTOTYPES = YES;
				CLANG_WARN_SUSPICIOUS_MOVE = YES;
				CLANG_WARN_UNGUARDED_AVAILABILITY = YES_AGGRESSIVE;
				CLANG_WARN_UNREACHABLE_CODE = YES;
				CLANG_WARN__DUPLICATE_METHOD_MATCH = YES;
				COPY_PHASE_STRIP = NO;
				DEBUG_INFORMATION_FORMAT = "dwarf-with-dsym";
				ENABLE_NS_ASSERTIONS = NO;
				ENABLE_STRICT_OBJC_MSGSEND = YES;
				GCC_C_LANGUAGE_STANDARD = gnu11;
				GCC_NO_COMMON_BLOCKS = YES;
				GCC_WARN_64_TO_32_BIT_CONVERSION = YES;
				GCC_WARN_ABOUT_RETURN_TYPE = YES_ERROR;
				GCC_WARN_UNDECLARED_SELECTOR = YES;
				GCC_WARN_UNINITIALIZED_AUTOS = YES_AGGRESSIVE;
				GCC_WARN_UNUSED_FUNCTION = YES;
				GCC_WARN_UNUSED_VARIABLE = YES;
				IPHONEOS_DEPLOYMENT_TARGET = 13.4;
				MTL_ENABLE_DEBUG_INFO = NO;
				MTL_FAST_MATH = YES;
				SDKROOT = iphoneos;
				SWIFT_COMPILATION_MODE = wholemodule;
				SWIFT_OPTIMIZATION_LEVEL = "-O";
				VALIDATE_PRODUCT = YES;
			};
			name = Release;
		};
		AD4985BA2466E7C000FFF75F /* Debug */ = {
			isa = XCBuildConfiguration;
			buildSettings = {
				ASSETCATALOG_COMPILER_APPICON_NAME = AppIcon;
				CODE_SIGN_STYLE = Automatic;
				DEVELOPMENT_TEAM = 9CY5Y632V8;
				INFOPLIST_FILE = SampleCoordinator/Info.plist;
				LD_RUNPATH_SEARCH_PATHS = (
					"$(inherited)",
					"@executable_path/Frameworks",
				);
				PRODUCT_BUNDLE_IDENTIFIER = com.kuyazee.SampleCoordinator;
				PRODUCT_NAME = "$(TARGET_NAME)";
				SWIFT_VERSION = 5.0;
				TARGETED_DEVICE_FAMILY = "1,2";
			};
			name = Debug;
		};
		AD4985BB2466E7C000FFF75F /* Release */ = {
			isa = XCBuildConfiguration;
			buildSettings = {
				ASSETCATALOG_COMPILER_APPICON_NAME = AppIcon;
				CODE_SIGN_STYLE = Automatic;
				DEVELOPMENT_TEAM = 9CY5Y632V8;
				INFOPLIST_FILE = SampleCoordinator/Info.plist;
				LD_RUNPATH_SEARCH_PATHS = (
					"$(inherited)",
					"@executable_path/Frameworks",
				);
				PRODUCT_BUNDLE_IDENTIFIER = com.kuyazee.SampleCoordinator;
				PRODUCT_NAME = "$(TARGET_NAME)";
				SWIFT_VERSION = 5.0;
				TARGETED_DEVICE_FAMILY = "1,2";
			};
			name = Release;
		};
/* End XCBuildConfiguration section */

/* Begin XCConfigurationList section */
		AD4985A02466E7BD00FFF75F /* Build configuration list for PBXProject "SampleCoordinator" */ = {
			isa = XCConfigurationList;
			buildConfigurations = (
				AD4985B72466E7C000FFF75F /* Debug */,
				AD4985B82466E7C000FFF75F /* Release */,
			);
			defaultConfigurationIsVisible = 0;
			defaultConfigurationName = Release;
		};
		AD4985B92466E7C000FFF75F /* Build configuration list for PBXNativeTarget "SampleCoordinator" */ = {
			isa = XCConfigurationList;
			buildConfigurations = (
				AD4985BA2466E7C000FFF75F /* Debug */,
				AD4985BB2466E7C000FFF75F /* Release */,
			);
			defaultConfigurationIsVisible = 0;
			defaultConfigurationName = Release;
		};
/* End XCConfigurationList section */
	};
	rootObject = AD49859D2466E7BD00FFF75F /* Project object */;
}
